
Microsoft Visual Studio Solution File, Format Version 12.00
# Visual Studio Version 17
VisualStudioVersion = 17.7.34031.279
MinimumVisualStudioVersion = 10.0.40219.1
Project("{FAE04EC0-301F-11D3-BF4B-00C04F79EFBC}") = "ConsoleApp1", "ConsoleApp1.csproj", "{439752B2-5FDB-4F8C-B5D7-F80B7DB92F82}"
EndProject
Global
	GlobalSection(SolutionConfigurationPlatforms) = preSolution
		Debug|Any CPU = Debug|Any CPU
		Release|Any CPU = Release|Any CPU
	EndGlobalSection
	GlobalSection(ProjectConfigurationPlatforms) = postSolution
		{439752B2-5FDB-4F8C-B5D7-F80B7DB92F82}.Debug|Any CPU.ActiveCfg = Debug|Any CPU
		{439752B2-5FDB-4F8C-B5D7-F80B7DB92F82}.Debug|Any CPU.Build.0 = Debug|Any CPU
		{439752B2-5FDB-4F8C-B5D7-F80B7DB92F82}.Release|Any CPU.ActiveCfg = Release|Any CPU
		{439752B2-5FDB-4F8C-B5D7-F80B7DB92F82}.Release|Any CPU.Build.0 = Release|Any CPU
	EndGlobalSection
	GlobalSection(SolutionProperties) = preSolution
		HideSolutionNode = FALSE
	EndGlobalSection
	GlobalSection(ExtensibilityGlobals) = postSolution
		SolutionGuid = {4692C358-6F47-4BEF-890A-A9E2F2E75B60}
	EndGlobalSection
EndGlobal
